
Microsoft Visual Studio Solution File, Format Version 12.00
# Visual Studio 2013
VisualStudioVersion = 12.0.21005.1
MinimumVisualStudioVersion = 10.0.40219.1
Project("{00D1A9C2-B5F0-4AF3-8072-F6C62B433612}") = "SQLSAT257CRMDB", "SQLSAT257CRMDB\SQLSAT257CRMDB.sqlproj", "{CEEF5CCA-86B4-4286-8BA1-F8970FB65D48}"
EndProject
Project("{2150E333-8FDC-42A3-9474-1A3956D46DE8}") = "DB", "DB", "{484E8157-DDA7-4FF8-A58A-9524A894625F}"
EndProject
Project("{2150E333-8FDC-42A3-9474-1A3956D46DE8}") = "Import", "Import", "{02538CCF-855F-4F86-ADAF-A6FB5C4618C0}"
EndProject
Project("{FAE04EC0-301F-11D3-BF4B-00C04F79EFBC}") = "SQLSAT257LoadFromExcel", "SQLSAT257LoadFromExcel\SQLSAT257LoadFromExcel.csproj", "{7CBA8B29-42DC-4049-B7B7-021DC5C98E4D}"
EndProject
Project("{2150E333-8FDC-42A3-9474-1A3956D46DE8}") = "Data Access", "Data Access", "{DA00FFE9-BD31-4749-8B3C-C2F0D97F3583}"
EndProject
Project("{FAE04EC0-301F-11D3-BF4B-00C04F79EFBC}") = "SQLSAT257EntityFramework", "SQLSAT257EntityFramework\SQLSAT257EntityFramework.csproj", "{48520067-1553-483E-950D-CCBDE19E4ADB}"
EndProject
Project("{FAE04EC0-301F-11D3-BF4B-00C04F79EFBC}") = "SQLSAT257DataModels", "SQLSAT257DataModel\SQLSAT257DataModels.csproj", "{2D0BC6D2-BC06-48ED-8706-F09547F0471D}"
EndProject
Project("{FAE04EC0-301F-11D3-BF4B-00C04F79EFBC}") = "SQLSAT257DataViewModels", "SQLSAT257CRMDataViewModels\SQLSAT257DataViewModels.csproj", "{AA41A756-2245-42B6-9FDB-265242922CB4}"
EndProject
Project("{2150E333-8FDC-42A3-9474-1A3956D46DE8}") = "Web", "Web", "{A9A627A0-AA4B-4ADE-8E88-DBCB5071CAE8}"
EndProject
Project("{FAE04EC0-301F-11D3-BF4B-00C04F79EFBC}") = "SQLSAT257CRMWeb", "SQLSAT257CRMWeb\SQLSAT257CRMWeb.csproj", "{B48866D7-69D6-40BE-8474-6CBA9820A8ED}"
EndProject
Project("{FAE04EC0-301F-11D3-BF4B-00C04F79EFBC}") = "SQLSAT257Reports", "SQLSAT257Reports\SQLSAT257Reports.csproj", "{CC57BF70-52F2-4DA9-8ACC-66067D6CF58E}"
EndProject
Project("{2150E333-8FDC-42A3-9474-1A3956D46DE8}") = "Admin", "Admin", "{008FCDE4-3E22-44C7-A463-760419661BB3}"
EndProject
Project("{FAE04EC0-301F-11D3-BF4B-00C04F79EFBC}") = "SQLSAT257Commands", "SQLSAT257Commands\SQLSAT257Commands.csproj", "{0725866C-10DC-48FE-95D4-88E895A35AD8}"
EndProject
Global
	GlobalSection(SolutionConfigurationPlatforms) = preSolution
		Debug|Any CPU = Debug|Any CPU
		Release|Any CPU = Release|Any CPU
	EndGlobalSection
	GlobalSection(ProjectConfigurationPlatforms) = postSolution
		{CEEF5CCA-86B4-4286-8BA1-F8970FB65D48}.Debug|Any CPU.ActiveCfg = Debug|Any CPU
		{CEEF5CCA-86B4-4286-8BA1-F8970FB65D48}.Debug|Any CPU.Build.0 = Debug|Any CPU
		{CEEF5CCA-86B4-4286-8BA1-F8970FB65D48}.Debug|Any CPU.Deploy.0 = Debug|Any CPU
		{CEEF5CCA-86B4-4286-8BA1-F8970FB65D48}.Release|Any CPU.ActiveCfg = Release|Any CPU
		{CEEF5CCA-86B4-4286-8BA1-F8970FB65D48}.Release|Any CPU.Build.0 = Release|Any CPU
		{CEEF5CCA-86B4-4286-8BA1-F8970FB65D48}.Release|Any CPU.Deploy.0 = Release|Any CPU
		{7CBA8B29-42DC-4049-B7B7-021DC5C98E4D}.Debug|Any CPU.ActiveCfg = Debug|Any CPU
		{7CBA8B29-42DC-4049-B7B7-021DC5C98E4D}.Debug|Any CPU.Build.0 = Debug|Any CPU
		{7CBA8B29-42DC-4049-B7B7-021DC5C98E4D}.Release|Any CPU.ActiveCfg = Release|Any CPU
		{7CBA8B29-42DC-4049-B7B7-021DC5C98E4D}.Release|Any CPU.Build.0 = Release|Any CPU
		{48520067-1553-483E-950D-CCBDE19E4ADB}.Debug|Any CPU.ActiveCfg = Debug|Any CPU
		{48520067-1553-483E-950D-CCBDE19E4ADB}.Debug|Any CPU.Build.0 = Debug|Any CPU
		{48520067-1553-483E-950D-CCBDE19E4ADB}.Release|Any CPU.ActiveCfg = Release|Any CPU
		{48520067-1553-483E-950D-CCBDE19E4ADB}.Release|Any CPU.Build.0 = Release|Any CPU
		{2D0BC6D2-BC06-48ED-8706-F09547F0471D}.Debug|Any CPU.ActiveCfg = Debug|Any CPU
		{2D0BC6D2-BC06-48ED-8706-F09547F0471D}.Debug|Any CPU.Build.0 = Debug|Any CPU
		{2D0BC6D2-BC06-48ED-8706-F09547F0471D}.Release|Any CPU.ActiveCfg = Release|Any CPU
		{2D0BC6D2-BC06-48ED-8706-F09547F0471D}.Release|Any CPU.Build.0 = Release|Any CPU
		{AA41A756-2245-42B6-9FDB-265242922CB4}.Debug|Any CPU.ActiveCfg = Debug|Any CPU
		{AA41A756-2245-42B6-9FDB-265242922CB4}.Debug|Any CPU.Build.0 = Debug|Any CPU
		{AA41A756-2245-42B6-9FDB-265242922CB4}.Release|Any CPU.ActiveCfg = Release|Any CPU
		{AA41A756-2245-42B6-9FDB-265242922CB4}.Release|Any CPU.Build.0 = Release|Any CPU
		{B48866D7-69D6-40BE-8474-6CBA9820A8ED}.Debug|Any CPU.ActiveCfg = Debug|Any CPU
		{B48866D7-69D6-40BE-8474-6CBA9820A8ED}.Debug|Any CPU.Build.0 = Debug|Any CPU
		{B48866D7-69D6-40BE-8474-6CBA9820A8ED}.Release|Any CPU.ActiveCfg = Release|Any CPU
		{B48866D7-69D6-40BE-8474-6CBA9820A8ED}.Release|Any CPU.Build.0 = Release|Any CPU
		{CC57BF70-52F2-4DA9-8ACC-66067D6CF58E}.Debug|Any CPU.ActiveCfg = Debug|Any CPU
		{CC57BF70-52F2-4DA9-8ACC-66067D6CF58E}.Debug|Any CPU.Build.0 = Debug|Any CPU
		{CC57BF70-52F2-4DA9-8ACC-66067D6CF58E}.Release|Any CPU.ActiveCfg = Release|Any CPU
		{CC57BF70-52F2-4DA9-8ACC-66067D6CF58E}.Release|Any CPU.Build.0 = Release|Any CPU
		{0725866C-10DC-48FE-95D4-88E895A35AD8}.Debug|Any CPU.ActiveCfg = Debug|Any CPU
		{0725866C-10DC-48FE-95D4-88E895A35AD8}.Debug|Any CPU.Build.0 = Debug|Any CPU
		{0725866C-10DC-48FE-95D4-88E895A35AD8}.Release|Any CPU.ActiveCfg = Release|Any CPU
		{0725866C-10DC-48FE-95D4-88E895A35AD8}.Release|Any CPU.Build.0 = Release|Any CPU
	EndGlobalSection
	GlobalSection(SolutionProperties) = preSolution
		HideSolutionNode = FALSE
	EndGlobalSection
	GlobalSection(NestedProjects) = preSolution
		{CEEF5CCA-86B4-4286-8BA1-F8970FB65D48} = {484E8157-DDA7-4FF8-A58A-9524A894625F}
		{7CBA8B29-42DC-4049-B7B7-021DC5C98E4D} = {02538CCF-855F-4F86-ADAF-A6FB5C4618C0}
		{48520067-1553-483E-950D-CCBDE19E4ADB} = {DA00FFE9-BD31-4749-8B3C-C2F0D97F3583}
		{2D0BC6D2-BC06-48ED-8706-F09547F0471D} = {DA00FFE9-BD31-4749-8B3C-C2F0D97F3583}
		{AA41A756-2245-42B6-9FDB-265242922CB4} = {DA00FFE9-BD31-4749-8B3C-C2F0D97F3583}
		{B48866D7-69D6-40BE-8474-6CBA9820A8ED} = {A9A627A0-AA4B-4ADE-8E88-DBCB5071CAE8}
		{CC57BF70-52F2-4DA9-8ACC-66067D6CF58E} = {A9A627A0-AA4B-4ADE-8E88-DBCB5071CAE8}
		{0725866C-10DC-48FE-95D4-88E895A35AD8} = {008FCDE4-3E22-44C7-A463-760419661BB3}
	EndGlobalSection
EndGlobal
